// !$*UTF8*$!
{
	archiveVersion = 1;
	classes = {
	};
	objectVersion = 46;
	objects = {

/* Begin PBXBuildFile section */
		0F686C97212524FD00EB0D01 /* AppDelegate.m in Sources */ = {isa = PBXBuildFile; fileRef = 0F686C84212524FD00EB0D01 /* AppDelegate.m */; };
		0F686C98212524FD00EB0D01 /* Assets.xcassets in Resources */ = {isa = PBXBuildFile; fileRef = 0F686C85212524FD00EB0D01 /* Assets.xcassets */; };
		0F686C99212524FD00EB0D01 /* LaunchScreen.storyboard in Resources */ = {isa = PBXBuildFile; fileRef = 0F686C86212524FD00EB0D01 /* LaunchScreen.storyboard */; };
		0F686C9A212524FD00EB0D01 /* Main.storyboard in Resources */ = {isa = PBXBuildFile; fileRef = 0F686C88212524FD00EB0D01 /* Main.storyboard */; };
		0F686C9B212524FD00EB0D01 /* DYTestModel.m in Sources */ = {isa = PBXBuildFile; fileRef = 0F686C8B212524FD00EB0D01 /* DYTestModel.m */; };
		0F686C9D212524FD00EB0D01 /* main.m in Sources */ = {isa = PBXBuildFile; fileRef = 0F686C8D212524FD00EB0D01 /* main.m */; };
		0F686C9E212524FD00EB0D01 /* ViewController.m in Sources */ = {isa = PBXBuildFile; fileRef = 0F686C91212524FD00EB0D01 /* ViewController.m */; };
		0F686C9F212524FD00EB0D01 /* DYMakeModel.m in Sources */ = {isa = PBXBuildFile; fileRef = 0F686C94212524FD00EB0D01 /* DYMakeModel.m */; };
		0F7B07F82148B2E6004C967F /* NSObject+DYModelArchive.m in Sources */ = {isa = PBXBuildFile; fileRef = 0F7B07F72148B2E6004C967F /* NSObject+DYModelArchive.m */; };
		0F7B07FB2148B381004C967F /* DYModelMaker.m in Sources */ = {isa = PBXBuildFile; fileRef = 0F7B07FA2148B381004C967F /* DYModelMaker.m */; };
		8D06C08D1E66A2E2002F5E02 /* DYModelMakerTests.m in Sources */ = {isa = PBXBuildFile; fileRef = 8D06C08C1E66A2E2002F5E02 /* DYModelMakerTests.m */; };
		8D06C0981E66A2E2002F5E02 /* DYModelMakerUITests.m in Sources */ = {isa = PBXBuildFile; fileRef = 8D06C0971E66A2E2002F5E02 /* DYModelMakerUITests.m */; };
/* End PBXBuildFile section */

/* Begin PBXContainerItemProxy section */
		8D06C0891E66A2E2002F5E02 /* PBXContainerItemProxy */ = {
			isa = PBXContainerItemProxy;
			containerPortal = 8D06C0671E66A2E2002F5E02 /* Project object */;
			proxyType = 1;
			remoteGlobalIDString = 8D06C06E1E66A2E2002F5E02;
			remoteInfo = DYModelMaker;
		};
		8D06C0941E66A2E2002F5E02 /* PBXContainerItemProxy */ = {
			isa = PBXContainerItemProxy;
			containerPortal = 8D06C0671E66A2E2002F5E02 /* Project object */;
			proxyType = 1;
			remoteGlobalIDString = 8D06C06E1E66A2E2002F5E02;
			remoteInfo = DYModelMaker;
		};
/* End PBXContainerItemProxy section */

/* Begin PBXFileReference section */
		0F587D322194227500C3377E /* Media.xcassets */ = {isa = PBXFileReference; lastKnownFileType = folder.assetcatalog; path = Media.xcassets; sourceTree = "<group>"; };
		0F587D342194227500C3377E /* icon.icns */ = {isa = PBXFileReference; lastKnownFileType = image.icns; path = icon.icns; sourceTree = "<group>"; };
		0F587D362194227500C3377E /* ActionViewController.h */ = {isa = PBXFileReference; lastKnownFileType = sourcecode.c.h; path = ActionViewController.h; sourceTree = "<group>"; };
		0F587D372194227500C3377E /* ActionViewController.m */ = {isa = PBXFileReference; lastKnownFileType = sourcecode.c.objc; path = ActionViewController.m; sourceTree = "<group>"; };
		0F587D3A2194227600C3377E /* Base */ = {isa = PBXFileReference; lastKnownFileType = file.xib; name = Base; path = Base.lproj/ActionViewController.xib; sourceTree = "<group>"; };
		0F587D3C2194227600C3377E /* Info.plist */ = {isa = PBXFileReference; lastKnownFileType = text.plist.xml; path = Info.plist; sourceTree = "<group>"; };
		0F587D3D2194227600C3377E /* DYModelMac.entitlements */ = {isa = PBXFileReference; lastKnownFileType = text.plist.entitlements; path = DYModelMac.entitlements; sourceTree = "<group>"; };
		0F686C83212524FD00EB0D01 /* AppDelegate.h */ = {isa = PBXFileReference; fileEncoding = 4; lastKnownFileType = sourcecode.c.h; path = AppDelegate.h; sourceTree = "<group>"; };
		0F686C84212524FD00EB0D01 /* AppDelegate.m */ = {isa = PBXFileReference; fileEncoding = 4; lastKnownFileType = sourcecode.c.objc; path = AppDelegate.m; sourceTree = "<group>"; };
		0F686C85212524FD00EB0D01 /* Assets.xcassets */ = {isa = PBXFileReference; lastKnownFileType = folder.assetcatalog; path = Assets.xcassets; sourceTree = "<group>"; };
		0F686C87212524FD00EB0D01 /* Base */ = {isa = PBXFileReference; lastKnownFileType = file.storyboard; name = Base; path = Base.lproj/LaunchScreen.storyboard; sourceTree = "<group>"; };
		0F686C89212524FD00EB0D01 /* Base */ = {isa = PBXFileReference; lastKnownFileType = file.storyboard; name = Base; path = Base.lproj/Main.storyboard; sourceTree = "<group>"; };
		0F686C8A212524FD00EB0D01 /* DYTestModel.h */ = {isa = PBXFileReference; fileEncoding = 4; lastKnownFileType = sourcecode.c.h; path = DYTestModel.h; sourceTree = "<group>"; };
		0F686C8B212524FD00EB0D01 /* DYTestModel.m */ = {isa = PBXFileReference; fileEncoding = 4; lastKnownFileType = sourcecode.c.objc; path = DYTestModel.m; sourceTree = "<group>"; };
		0F686C8C212524FD00EB0D01 /* Info.plist */ = {isa = PBXFileReference; fileEncoding = 4; lastKnownFileType = text.plist.xml; path = Info.plist; sourceTree = "<group>"; };
		0F686C8D212524FD00EB0D01 /* main.m */ = {isa = PBXFileReference; fileEncoding = 4; lastKnownFileType = sourcecode.c.objc; path = main.m; sourceTree = "<group>"; };
		0F686C90212524FD00EB0D01 /* ViewController.h */ = {isa = PBXFileReference; fileEncoding = 4; lastKnownFileType = sourcecode.c.h; path = ViewController.h; sourceTree = "<group>"; };
		0F686C91212524FD00EB0D01 /* ViewController.m */ = {isa = PBXFileReference; fileEncoding = 4; lastKnownFileType = sourcecode.c.objc; path = ViewController.m; sourceTree = "<group>"; };
		0F686C93212524FD00EB0D01 /* DYMakeModel.h */ = {isa = PBXFileReference; fileEncoding = 4; lastKnownFileType = sourcecode.c.h; path = DYMakeModel.h; sourceTree = "<group>"; };
		0F686C94212524FD00EB0D01 /* DYMakeModel.m */ = {isa = PBXFileReference; fileEncoding = 4; lastKnownFileType = sourcecode.c.objc; path = DYMakeModel.m; sourceTree = "<group>"; };
		0F7B07F62148B2E6004C967F /* NSObject+DYModelArchive.h */ = {isa = PBXFileReference; lastKnownFileType = sourcecode.c.h; path = "NSObject+DYModelArchive.h"; sourceTree = "<group>"; };
		0F7B07F72148B2E6004C967F /* NSObject+DYModelArchive.m */ = {isa = PBXFileReference; lastKnownFileType = sourcecode.c.objc; path = "NSObject+DYModelArchive.m"; sourceTree = "<group>"; };
		0F7B07F92148B381004C967F /* DYModelMaker.h */ = {isa = PBXFileReference; lastKnownFileType = sourcecode.c.h; path = DYModelMaker.h; sourceTree = "<group>"; };
		0F7B07FA2148B381004C967F /* DYModelMaker.m */ = {isa = PBXFileReference; lastKnownFileType = sourcecode.c.objc; path = DYModelMaker.m; sourceTree = "<group>"; };
		0F7B07FC2148B3FC004C967F /* DYPropertyString.h */ = {isa = PBXFileReference; lastKnownFileType = sourcecode.c.h; path = DYPropertyString.h; sourceTree = "<group>"; };
		8D06C06F1E66A2E2002F5E02 /* DYModelMaker.app */ = {isa = PBXFileReference; explicitFileType = wrapper.application; includeInIndex = 0; path = DYModelMaker.app; sourceTree = BUILT_PRODUCTS_DIR; };
		8D06C0881E66A2E2002F5E02 /* DYModelMakerTests.xctest */ = {isa = PBXFileReference; explicitFileType = wrapper.cfbundle; includeInIndex = 0; path = DYModelMakerTests.xctest; sourceTree = BUILT_PRODUCTS_DIR; };
		8D06C08C1E66A2E2002F5E02 /* DYModelMakerTests.m */ = {isa = PBXFileReference; lastKnownFileType = sourcecode.c.objc; path = DYModelMakerTests.m; sourceTree = "<group>"; };
		8D06C08E1E66A2E2002F5E02 /* Info.plist */ = {isa = PBXFileReference; lastKnownFileType = text.plist.xml; path = Info.plist; sourceTree = "<group>"; };
		8D06C0931E66A2E2002F5E02 /* DYModelMakerUITests.xctest */ = {isa = PBXFileReference; explicitFileType = wrapper.cfbundle; includeInIndex = 0; path = DYModelMakerUITests.xctest; sourceTree = BUILT_PRODUCTS_DIR; };
		8D06C0971E66A2E2002F5E02 /* DYModelMakerUITests.m */ = {isa = PBXFileReference; lastKnownFileType = sourcecode.c.objc; path = DYModelMakerUITests.m; sourceTree = "<group>"; };
		8D06C0991E66A2E2002F5E02 /* Info.plist */ = {isa = PBXFileReference; lastKnownFileType = text.plist.xml; path = Info.plist; sourceTree = "<group>"; };
/* End PBXFileReference section */

/* Begin PBXFrameworksBuildPhase section */
		8D06C06C1E66A2E2002F5E02 /* Frameworks */ = {
			isa = PBXFrameworksBuildPhase;
			buildActionMask = 2147483647;
			files = (
			);
			runOnlyForDeploymentPostprocessing = 0;
		};
		8D06C0851E66A2E2002F5E02 /* Frameworks */ = {
			isa = PBXFrameworksBuildPhase;
			buildActionMask = 2147483647;
			files = (
			);
			runOnlyForDeploymentPostprocessing = 0;
		};
		8D06C0901E66A2E2002F5E02 /* Frameworks */ = {
			isa = PBXFrameworksBuildPhase;
			buildActionMask = 2147483647;
			files = (
			);
			runOnlyForDeploymentPostprocessing = 0;
		};
/* End PBXFrameworksBuildPhase section */

/* Begin PBXGroup section */
		0F587D312194227500C3377E /* DYModelMac */ = {
			isa = PBXGroup;
			children = (
				0F587D322194227500C3377E /* Media.xcassets */,
				0F587D342194227500C3377E /* icon.icns */,
				0F587D362194227500C3377E /* ActionViewController.h */,
				0F587D372194227500C3377E /* ActionViewController.m */,
				0F587D392194227600C3377E /* ActionViewController.xib */,
				0F587D3C2194227600C3377E /* Info.plist */,
				0F587D3D2194227600C3377E /* DYModelMac.entitlements */,
			);
			path = DYModelMac;
			sourceTree = "<group>";
		};
		0F686C82212524FD00EB0D01 /* Example */ = {
			isa = PBXGroup;
			children = (
				0F686C83212524FD00EB0D01 /* AppDelegate.h */,
				0F686C84212524FD00EB0D01 /* AppDelegate.m */,
				0F686C85212524FD00EB0D01 /* Assets.xcassets */,
				0F686C86212524FD00EB0D01 /* LaunchScreen.storyboard */,
				0F686C88212524FD00EB0D01 /* Main.storyboard */,
				0F686C8A212524FD00EB0D01 /* DYTestModel.h */,
				0F686C8B212524FD00EB0D01 /* DYTestModel.m */,
				0F686C8C212524FD00EB0D01 /* Info.plist */,
				0F686C8D212524FD00EB0D01 /* main.m */,
				0F686C90212524FD00EB0D01 /* ViewController.h */,
				0F686C91212524FD00EB0D01 /* ViewController.m */,
			);
			path = Example;
			sourceTree = "<group>";
		};
		0F686C92212524FD00EB0D01 /* DYModelMaker */ = {
			isa = PBXGroup;
			children = (
				0F686C93212524FD00EB0D01 /* DYMakeModel.h */,
				0F686C94212524FD00EB0D01 /* DYMakeModel.m */,
				0F7B07F62148B2E6004C967F /* NSObject+DYModelArchive.h */,
				0F7B07F72148B2E6004C967F /* NSObject+DYModelArchive.m */,
				0F7B07F92148B381004C967F /* DYModelMaker.h */,
				0F7B07FA2148B381004C967F /* DYModelMaker.m */,
				0F7B07FC2148B3FC004C967F /* DYPropertyString.h */,
			);
			path = DYModelMaker;
			sourceTree = "<group>";
		};
		8D06C0661E66A2E2002F5E02 = {
			isa = PBXGroup;
			children = (
				0F686C92212524FD00EB0D01 /* DYModelMaker */,
				0F686C82212524FD00EB0D01 /* Example */,
				8D06C08B1E66A2E2002F5E02 /* DYModelMakerTests */,
				8D06C0961E66A2E2002F5E02 /* DYModelMakerUITests */,
				0F587D312194227500C3377E /* DYModelMac */,
				8D06C0701E66A2E2002F5E02 /* Products */,
			);
			sourceTree = "<group>";
		};
		8D06C0701E66A2E2002F5E02 /* Products */ = {
			isa = PBXGroup;
			children = (
				8D06C06F1E66A2E2002F5E02 /* DYModelMaker.app */,
				8D06C0881E66A2E2002F5E02 /* DYModelMakerTests.xctest */,
				8D06C0931E66A2E2002F5E02 /* DYModelMakerUITests.xctest */,
			);
			name = Products;
			sourceTree = "<group>";
		};
		8D06C08B1E66A2E2002F5E02 /* DYModelMakerTests */ = {
			isa = PBXGroup;
			children = (
				8D06C08C1E66A2E2002F5E02 /* DYModelMakerTests.m */,
				8D06C08E1E66A2E2002F5E02 /* Info.plist */,
			);
			path = DYModelMakerTests;
			sourceTree = "<group>";
		};
		8D06C0961E66A2E2002F5E02 /* DYModelMakerUITests */ = {
			isa = PBXGroup;
			children = (
				8D06C0971E66A2E2002F5E02 /* DYModelMakerUITests.m */,
				8D06C0991E66A2E2002F5E02 /* Info.plist */,
			);
			path = DYModelMakerUITests;
			sourceTree = "<group>";
		};
/* End PBXGroup section */

/* Begin PBXNativeTarget section */
		8D06C06E1E66A2E2002F5E02 /* DYModelMaker */ = {
			isa = PBXNativeTarget;
			buildConfigurationList = 8D06C09C1E66A2E2002F5E02 /* Build configuration list for PBXNativeTarget "DYModelMaker" */;
			buildPhases = (
				8D06C06B1E66A2E2002F5E02 /* Sources */,
				8D06C06C1E66A2E2002F5E02 /* Frameworks */,
				8D06C06D1E66A2E2002F5E02 /* Resources */,
			);
			buildRules = (
			);
			dependencies = (
			);
			name = DYModelMaker;
			productName = DYModelMaker;
			productReference = 8D06C06F1E66A2E2002F5E02 /* DYModelMaker.app */;
			productType = "com.apple.product-type.application";
		};
		8D06C0871E66A2E2002F5E02 /* DYModelMakerTests */ = {
			isa = PBXNativeTarget;
			buildConfigurationList = 8D06C09F1E66A2E2002F5E02 /* Build configuration list for PBXNativeTarget "DYModelMakerTests" */;
			buildPhases = (
				8D06C0841E66A2E2002F5E02 /* Sources */,
				8D06C0851E66A2E2002F5E02 /* Frameworks */,
				8D06C0861E66A2E2002F5E02 /* Resources */,
			);
			buildRules = (
			);
			dependencies = (
				8D06C08A1E66A2E2002F5E02 /* PBXTargetDependency */,
			);
			name = DYModelMakerTests;
			productName = DYModelMakerTests;
			productReference = 8D06C0881E66A2E2002F5E02 /* DYModelMakerTests.xctest */;
			productType = "com.apple.product-type.bundle.unit-test";
		};
		8D06C0921E66A2E2002F5E02 /* DYModelMakerUITests */ = {
			isa = PBXNativeTarget;
			buildConfigurationList = 8D06C0A21E66A2E2002F5E02 /* Build configuration list for PBXNativeTarget "DYModelMakerUITests" */;
			buildPhases = (
				8D06C08F1E66A2E2002F5E02 /* Sources */,
				8D06C0901E66A2E2002F5E02 /* Frameworks */,
				8D06C0911E66A2E2002F5E02 /* Resources */,
			);
			buildRules = (
			);
			dependencies = (
				8D06C0951E66A2E2002F5E02 /* PBXTargetDependency */,
			);
			name = DYModelMakerUITests;
			productName = DYModelMakerUITests;
			productReference = 8D06C0931E66A2E2002F5E02 /* DYModelMakerUITests.xctest */;
			productType = "com.apple.product-type.bundle.ui-testing";
		};
/* End PBXNativeTarget section */

/* Begin PBXProject section */
		8D06C0671E66A2E2002F5E02 /* Project object */ = {
			isa = PBXProject;
			attributes = {
				LastUpgradeCheck = 0940;
				ORGANIZATIONNAME = shuodakeji;
				TargetAttributes = {
					8D06C06E1E66A2E2002F5E02 = {
						CreatedOnToolsVersion = 8.0;
						DevelopmentTeam = HG2R8Q3U9D;
						ProvisioningStyle = Automatic;
					};
					8D06C0871E66A2E2002F5E02 = {
						CreatedOnToolsVersion = 8.0;
						DevelopmentTeam = 8QVTX9TTNH;
						ProvisioningStyle = Automatic;
						TestTargetID = 8D06C06E1E66A2E2002F5E02;
					};
					8D06C0921E66A2E2002F5E02 = {
						CreatedOnToolsVersion = 8.0;
						DevelopmentTeam = 8QVTX9TTNH;
						ProvisioningStyle = Automatic;
						TestTargetID = 8D06C06E1E66A2E2002F5E02;
					};
				};
			};
			buildConfigurationList = 8D06C06A1E66A2E2002F5E02 /* Build configuration list for PBXProject "DYModelMaker" */;
			compatibilityVersion = "Xcode 3.2";
			developmentRegion = English;
			hasScannedForEncodings = 0;
			knownRegions = (
				en,
				Base,
			);
			mainGroup = 8D06C0661E66A2E2002F5E02;
			productRefGroup = 8D06C0701E66A2E2002F5E02 /* Products */;
			projectDirPath = "";
			projectRoot = "";
			targets = (
				8D06C06E1E66A2E2002F5E02 /* DYModelMaker */,
				8D06C0871E66A2E2002F5E02 /* DYModelMakerTests */,
				8D06C0921E66A2E2002F5E02 /* DYModelMakerUITests */,
			);
		};
/* End PBXProject section */

/* Begin PBXResourcesBuildPhase section */
		8D06C06D1E66A2E2002F5E02 /* Resources */ = {
			isa = PBXResourcesBuildPhase;
			buildActionMask = 2147483647;
			files = (
				0F686C9A212524FD00EB0D01 /* Main.storyboard in Resources */,
				0F686C98212524FD00EB0D01 /* Assets.xcassets in Resources */,
				0F686C99212524FD00EB0D01 /* LaunchScreen.storyboard in Resources */,
			);
			runOnlyForDeploymentPostprocessing = 0;
		};
		8D06C0861E66A2E2002F5E02 /* Resources */ = {
			isa = PBXResourcesBuildPhase;
			buildActionMask = 2147483647;
			files = (
			);
			runOnlyForDeploymentPostprocessing = 0;
		};
		8D06C0911E66A2E2002F5E02 /* Resources */ = {
			isa = PBXResourcesBuildPhase;
			buildActionMask = 2147483647;
			files = (
			);
			runOnlyForDeploymentPostprocessing = 0;
		};
/* End PBXResourcesBuildPhase section */

/* Begin PBXSourcesBuildPhase section */
		8D06C06B1E66A2E2002F5E02 /* Sources */ = {
			isa = PBXSourcesBuildPhase;
			buildActionMask = 2147483647;
			files = (
				0F686C9B212524FD00EB0D01 /* DYTestModel.m in Sources */,
				0F686C9D212524FD00EB0D01 /* main.m in Sources */,
				0F7B07F82148B2E6004C967F /* NSObject+DYModelArchive.m in Sources */,
				0F686C9E212524FD00EB0D01 /* ViewController.m in Sources */,
				0F686C97212524FD00EB0D01 /* AppDelegate.m in Sources */,
				0F686C9F212524FD00EB0D01 /* DYMakeModel.m in Sources */,
				0F7B07FB2148B381004C967F /* DYModelMaker.m in Sources */,
			);
			runOnlyForDeploymentPostprocessing = 0;
		};
		8D06C0841E66A2E2002F5E02 /* Sources */ = {
			isa = PBXSourcesBuildPhase;
			buildActionMask = 2147483647;
			files = (
				8D06C08D1E66A2E2002F5E02 /* DYModelMakerTests.m in Sources */,
			);
			runOnlyForDeploymentPostprocessing = 0;
		};
		8D06C08F1E66A2E2002F5E02 /* Sources */ = {
			isa = PBXSourcesBuildPhase;
			buildActionMask = 2147483647;
			files = (
				8D06C0981E66A2E2002F5E02 /* DYModelMakerUITests.m in Sources */,
			);
			runOnlyForDeploymentPostprocessing = 0;
		};
/* End PBXSourcesBuildPhase section */

/* Begin PBXTargetDependency section */
		8D06C08A1E66A2E2002F5E02 /* PBXTargetDependency */ = {
			isa = PBXTargetDependency;
			target = 8D06C06E1E66A2E2002F5E02 /* DYModelMaker */;
			targetProxy = 8D06C0891E66A2E2002F5E02 /* PBXContainerItemProxy */;
		};
		8D06C0951E66A2E2002F5E02 /* PBXTargetDependency */ = {
			isa = PBXTargetDependency;
			target = 8D06C06E1E66A2E2002F5E02 /* DYModelMaker */;
			targetProxy = 8D06C0941E66A2E2002F5E02 /* PBXContainerItemProxy */;
		};
/* End PBXTargetDependency section */

/* Begin PBXVariantGroup section */
		0F587D392194227600C3377E /* ActionViewController.xib */ = {
			isa = PBXVariantGroup;
			children = (
				0F587D3A2194227600C3377E /* Base */,
			);
			name = ActionViewController.xib;
			sourceTree = "<group>";
		};
		0F686C86212524FD00EB0D01 /* LaunchScreen.storyboard */ = {
			isa = PBXVariantGroup;
			children = (
				0F686C87212524FD00EB0D01 /* Base */,
			);
			name = LaunchScreen.storyboard;
			sourceTree = "<group>";
		};
		0F686C88212524FD00EB0D01 /* Main.storyboard */ = {
			isa = PBXVariantGroup;
			children = (
				0F686C89212524FD00EB0D01 /* Base */,
			);
			name = Main.storyboard;
			sourceTree = "<group>";
		};
/* End PBXVariantGroup section */

/* Begin XCBuildConfiguration section */
		8D06C09A1E66A2E2002F5E02 /* Debug */ = {
			isa = XCBuildConfiguration;
			buildSettings = {
				ALWAYS_SEARCH_USER_PATHS = NO;
				CLANG_ANALYZER_NONNULL = YES;
				CLANG_CXX_LANGUAGE_STANDARD = "gnu++0x";
				CLANG_CXX_LIBRARY = "libc++";
				CLANG_ENABLE_MODULES = YES;
				CLANG_ENABLE_OBJC_ARC = YES;
				CLANG_WARN_BLOCK_CAPTURE_AUTORELEASING = YES;
				CLANG_WARN_BOOL_CONVERSION = YES;
				CLANG_WARN_COMMA = YES;
				CLANG_WARN_CONSTANT_CONVERSION = YES;
				CLANG_WARN_DEPRECATED_OBJC_IMPLEMENTATIONS = YES;
				CLANG_WARN_DIRECT_OBJC_ISA_USAGE = YES_ERROR;
				CLANG_WARN_DOCUMENTATION_COMMENTS = YES;
				CLANG_WARN_EMPTY_BODY = YES;
				CLANG_WARN_ENUM_CONVERSION = YES;
				CLANG_WARN_INFINITE_RECURSION = YES;
				CLANG_WARN_INT_CONVERSION = YES;
				CLANG_WARN_NON_LITERAL_NULL_CONVERSION = YES;
				CLANG_WARN_OBJC_IMPLICIT_RETAIN_SELF = YES;
				CLANG_WARN_OBJC_LITERAL_CONVERSION = YES;
				CLANG_WARN_OBJC_ROOT_CLASS = YES_ERROR;
				CLANG_WARN_RANGE_LOOP_ANALYSIS = YES;
				CLANG_WARN_STRICT_PROTOTYPES = YES;
				CLANG_WARN_SUSPICIOUS_MOVE = YES;
				CLANG_WARN_SUSPICIOUS_MOVES = YES;
				CLANG_WARN_UNREACHABLE_CODE = YES;
				CLANG_WARN__DUPLICATE_METHOD_MATCH = YES;
				"CODE_SIGN_IDENTITY[sdk=iphoneos*]" = "iPhone Developer";
				COPY_PHASE_STRIP = NO;
				DEBUG_INFORMATION_FORMAT = dwarf;
				ENABLE_STRICT_OBJC_MSGSEND = YES;
				ENABLE_TESTABILITY = YES;
				GCC_C_LANGUAGE_STANDARD = gnu99;
				GCC_DYNAMIC_NO_PIC = NO;
				GCC_NO_COMMON_BLOCKS = YES;
				GCC_OPTIMIZATION_LEVEL = 0;
				GCC_PREPROCESSOR_DEFINITIONS = (
					"DEBUG=1",
					"$(inherited)",
				);
				GCC_WARN_64_TO_32_BIT_CONVERSION = YES;
				GCC_WARN_ABOUT_RETURN_TYPE = YES_ERROR;
				GCC_WARN_UNDECLARED_SELECTOR = YES;
				GCC_WARN_UNINITIALIZED_AUTOS = YES_AGGRESSIVE;
				GCC_WARN_UNUSED_FUNCTION = YES;
				GCC_WARN_UNUSED_VARIABLE = YES;
				IPHONEOS_DEPLOYMENT_TARGET = 10.0;
				MTL_ENABLE_DEBUG_INFO = YES;
				ONLY_ACTIVE_ARCH = YES;
				SDKROOT = iphoneos;
			};
			name = Debug;
		};
		8D06C09B1E66A2E2002F5E02 /* Release */ = {
			isa = XCBuildConfiguration;
			buildSettings = {
				ALWAYS_SEARCH_USER_PATHS = NO;
				CLANG_ANALYZER_NONNULL = YES;
				CLANG_CXX_LANGUAGE_STANDARD = "gnu++0x";
				CLANG_CXX_LIBRARY = "libc++";
				CLANG_ENABLE_MODULES = YES;
				CLANG_ENABLE_OBJC_ARC = YES;
				CLANG_WARN_BLOCK_CAPTURE_AUTORELEASING = YES;
				CLANG_WARN_BOOL_CONVERSION = YES;
				CLANG_WARN_COMMA = YES;
				CLANG_WARN_CONSTANT_CONVERSION = YES;
				CLANG_WARN_DEPRECATED_OBJC_IMPLEMENTATIONS = YES;
				CLANG_WARN_DIRECT_OBJC_ISA_USAGE = YES_ERROR;
				CLANG_WARN_DOCUMENTATION_COMMENTS = YES;
				CLANG_WARN_EMPTY_BODY = YES;
				CLANG_WARN_ENUM_CONVERSION = YES;
				CLANG_WARN_INFINITE_RECURSION = YES;
				CLANG_WARN_INT_CONVERSION = YES;
				CLANG_WARN_NON_LITERAL_NULL_CONVERSION = YES;
				CLANG_WARN_OBJC_IMPLICIT_RETAIN_SELF = YES;
				CLANG_WARN_OBJC_LITERAL_CONVERSION = YES;
				CLANG_WARN_OBJC_ROOT_CLASS = YES_ERROR;
				CLANG_WARN_RANGE_LOOP_ANALYSIS = YES;
				CLANG_WARN_STRICT_PROTOTYPES = YES;
				CLANG_WARN_SUSPICIOUS_MOVE = YES;
				CLANG_WARN_SUSPICIOUS_MOVES = YES;
				CLANG_WARN_UNREACHABLE_CODE = YES;
				CLANG_WARN__DUPLICATE_METHOD_MATCH = YES;
				"CODE_SIGN_IDENTITY[sdk=iphoneos*]" = "iPhone Developer";
				COPY_PHASE_STRIP = NO;
				DEBUG_INFORMATION_FORMAT = "dwarf-with-dsym";
				ENABLE_NS_ASSERTIONS = NO;
				ENABLE_STRICT_OBJC_MSGSEND = YES;
				GCC_C_LANGUAGE_STANDARD = gnu99;
				GCC_NO_COMMON_BLOCKS = YES;
				GCC_WARN_64_TO_32_BIT_CONVERSION = YES;
				GCC_WARN_ABOUT_RETURN_TYPE = YES_ERROR;
				GCC_WARN_UNDECLARED_SELECTOR = YES;
				GCC_WARN_UNINITIALIZED_AUTOS = YES_AGGRESSIVE;
				GCC_WARN_UNUSED_FUNCTION = YES;
				GCC_WARN_UNUSED_VARIABLE = YES;
				IPHONEOS_DEPLOYMENT_TARGET = 10.0;
				MTL_ENABLE_DEBUG_INFO = NO;
				SDKROOT = iphoneos;
				VALIDATE_PRODUCT = YES;
			};
			name = Release;
		};
		8D06C09D1E66A2E2002F5E02 /* Debug */ = {
			isa = XCBuildConfiguration;
			buildSettings = {
				ASSETCATALOG_COMPILER_APPICON_NAME = AppIcon;
				DEVELOPMENT_TEAM = HG2R8Q3U9D;
				GCC_PREFIX_HEADER = "";
				INFOPLIST_FILE = Example/Info.plist;
				LD_RUNPATH_SEARCH_PATHS = "$(inherited) @executable_path/Frameworks";
				PRODUCT_BUNDLE_IDENTIFIER = dy.DYModelMaker;
				PRODUCT_NAME = "$(TARGET_NAME)";
			};
			name = Debug;
		};
		8D06C09E1E66A2E2002F5E02 /* Release */ = {
			isa = XCBuildConfiguration;
			buildSettings = {
				ASSETCATALOG_COMPILER_APPICON_NAME = AppIcon;
				DEVELOPMENT_TEAM = HG2R8Q3U9D;
				GCC_PREFIX_HEADER = "";
				INFOPLIST_FILE = Example/Info.plist;
				LD_RUNPATH_SEARCH_PATHS = "$(inherited) @executable_path/Frameworks";
				PRODUCT_BUNDLE_IDENTIFIER = dy.DYModelMaker;
				PRODUCT_NAME = "$(TARGET_NAME)";
			};
			name = Release;
		};
		8D06C0A01E66A2E2002F5E02 /* Debug */ = {
			isa = XCBuildConfiguration;
			buildSettings = {
				BUNDLE_LOADER = "$(TEST_HOST)";
				DEVELOPMENT_TEAM = 8QVTX9TTNH;
				INFOPLIST_FILE = DYModelMakerTests/Info.plist;
				LD_RUNPATH_SEARCH_PATHS = "$(inherited) @executable_path/Frameworks @loader_path/Frameworks";
				PRODUCT_BUNDLE_IDENTIFIER = dy.DYModelMakerTests;
				PRODUCT_NAME = "$(TARGET_NAME)";
				TEST_HOST = "$(BUILT_PRODUCTS_DIR)/DYModelMaker.app/DYModelMaker";
			};
			name = Debug;
		};
		8D06C0A11E66A2E2002F5E02 /* Release */ = {
			isa = XCBuildConfiguration;
			buildSettings = {
				BUNDLE_LOADER = "$(TEST_HOST)";
				DEVELOPMENT_TEAM = 8QVTX9TTNH;
				INFOPLIST_FILE = DYModelMakerTests/Info.plist;
				LD_RUNPATH_SEARCH_PATHS = "$(inherited) @executable_path/Frameworks @loader_path/Frameworks";
				PRODUCT_BUNDLE_IDENTIFIER = dy.DYModelMakerTests;
				PRODUCT_NAME = "$(TARGET_NAME)";
				TEST_HOST = "$(BUILT_PRODUCTS_DIR)/DYModelMaker.app/DYModelMaker";
			};
			name = Release;
		};
		8D06C0A31E66A2E2002F5E02 /* Debug */ = {
			isa = XCBuildConfiguration;
			buildSettings = {
				DEVELOPMENT_TEAM = 8QVTX9TTNH;
				INFOPLIST_FILE = DYModelMakerUITests/Info.plist;
				LD_RUNPATH_SEARCH_PATHS = "$(inherited) @executable_path/Frameworks @loader_path/Frameworks";
				PRODUCT_BUNDLE_IDENTIFIER = dy.DYModelMakerUITests;
				PRODUCT_NAME = "$(TARGET_NAME)";
				TEST_TARGET_NAME = DYModelMaker;
			};
			name = Debug;
		};
		8D06C0A41E66A2E2002F5E02 /* Release */ = {
			isa = XCBuildConfiguration;
			buildSettings = {
				DEVELOPMENT_TEAM = 8QVTX9TTNH;
				INFOPLIST_FILE = DYModelMakerUITests/Info.plist;
				LD_RUNPATH_SEARCH_PATHS = "$(inherited) @executable_path/Frameworks @loader_path/Frameworks";
				PRODUCT_BUNDLE_IDENTIFIER = dy.DYModelMakerUITests;
				PRODUCT_NAME = "$(TARGET_NAME)";
				TEST_TARGET_NAME = DYModelMaker;
			};
			name = Release;
		};
/* End XCBuildConfiguration section */

/* Begin XCConfigurationList section */
		8D06C06A1E66A2E2002F5E02 /* Build configuration list for PBXProject "DYModelMaker" */ = {
			isa = XCConfigurationList;
			buildConfigurations = (
				8D06C09A1E66A2E2002F5E02 /* Debug */,
				8D06C09B1E66A2E2002F5E02 /* Release */,
			);
			defaultConfigurationIsVisible = 0;
			defaultConfigurationName = Release;
		};
		8D06C09C1E66A2E2002F5E02 /* Build configuration list for PBXNativeTarget "DYModelMaker" */ = {
			isa = XCConfigurationList;
			buildConfigurations = (
				8D06C09D1E66A2E2002F5E02 /* Debug */,
				8D06C09E1E66A2E2002F5E02 /* Release */,
			);
			defaultConfigurationIsVisible = 0;
			defaultConfigurationName = Release;
		};
		8D06C09F1E66A2E2002F5E02 /* Build configuration list for PBXNativeTarget "DYModelMakerTests" */ = {
			isa = XCConfigurationList;
			buildConfigurations = (
				8D06C0A01E66A2E2002F5E02 /* Debug */,
				8D06C0A11E66A2E2002F5E02 /* Release */,
			);
			defaultConfigurationIsVisible = 0;
			defaultConfigurationName = Release;
		};
		8D06C0A21E66A2E2002F5E02 /* Build configuration list for PBXNativeTarget "DYModelMakerUITests" */ = {
			isa = XCConfigurationList;
			buildConfigurations = (
				8D06C0A31E66A2E2002F5E02 /* Debug */,
				8D06C0A41E66A2E2002F5E02 /* Release */,
			);
			defaultConfigurationIsVisible = 0;
			defaultConfigurationName = Release;
		};
/* End XCConfigurationList section */
	};
	rootObject = 8D06C0671E66A2E2002F5E02 /* Project object */;
}
